
Microsoft Visual Studio Solution File, Format Version 12.00
# Visual Studio 15
VisualStudioVersion = 15.0.27004.2008
MinimumVisualStudioVersion = 10.0.40219.1
Project("{FAE04EC0-301F-11D3-BF4B-00C04F79EFBC}") = "Game2017", "Game2017\Game2017.csproj", "{AA7DD99C-3E07-4C1E-8E8D-462B1A260600}"
EndProject
Project("{FAE04EC0-301F-11D3-BF4B-00C04F79EFBC}") = "GameEngine2017", "GameEngine2017\GameEngine2017.csproj", "{B7795D94-F24C-42CA-9E24-93BBFC028847}"
EndProject
Project("{FAE04EC0-301F-11D3-BF4B-00C04F79EFBC}") = "Game2017MapEditor", "Game2017MapEditor\Game2017MapEditor.csproj", "{7C4C4EA2-C179-4975-BF4E-F2AD11B9EB5C}"
EndProject
Global
	GlobalSection(SolutionConfigurationPlatforms) = preSolution
		Debug|Any CPU = Debug|Any CPU
		Release|Any CPU = Release|Any CPU
	EndGlobalSection
	GlobalSection(ProjectConfigurationPlatforms) = postSolution
		{AA7DD99C-3E07-4C1E-8E8D-462B1A260600}.Debug|Any CPU.ActiveCfg = Debug|Any CPU
		{AA7DD99C-3E07-4C1E-8E8D-462B1A260600}.Debug|Any CPU.Build.0 = Debug|Any CPU
		{AA7DD99C-3E07-4C1E-8E8D-462B1A260600}.Release|Any CPU.ActiveCfg = Release|Any CPU
		{AA7DD99C-3E07-4C1E-8E8D-462B1A260600}.Release|Any CPU.Build.0 = Release|Any CPU
		{B7795D94-F24C-42CA-9E24-93BBFC028847}.Debug|Any CPU.ActiveCfg = Debug|Any CPU
		{B7795D94-F24C-42CA-9E24-93BBFC028847}.Debug|Any CPU.Build.0 = Debug|Any CPU
		{B7795D94-F24C-42CA-9E24-93BBFC028847}.Release|Any CPU.ActiveCfg = Release|Any CPU
		{B7795D94-F24C-42CA-9E24-93BBFC028847}.Release|Any CPU.Build.0 = Release|Any CPU
		{7C4C4EA2-C179-4975-BF4E-F2AD11B9EB5C}.Debug|Any CPU.ActiveCfg = Debug|Any CPU
		{7C4C4EA2-C179-4975-BF4E-F2AD11B9EB5C}.Debug|Any CPU.Build.0 = Debug|Any CPU
		{7C4C4EA2-C179-4975-BF4E-F2AD11B9EB5C}.Release|Any CPU.ActiveCfg = Release|Any CPU
		{7C4C4EA2-C179-4975-BF4E-F2AD11B9EB5C}.Release|Any CPU.Build.0 = Release|Any CPU
	EndGlobalSection
	GlobalSection(SolutionProperties) = preSolution
		HideSolutionNode = FALSE
	EndGlobalSection
	GlobalSection(ExtensibilityGlobals) = postSolution
		SolutionGuid = {76177A04-D659-4BD1-A010-2A86A53B649E}
	EndGlobalSection
EndGlobal
